{
  "name": "la-cabane-du-lys-platform",
  "lockfileVersion": 3,
  "requires": true,
  "packages": {
    "": {
      "dependencies": {
        "cp": "^0.2.0"
      }
    },
    "node_modules/cp": {
      "version": "0.2.0",
      "resolved": "https://registry.npmjs.org/cp/-/cp-0.2.0.tgz",
      "integrity": "sha512-4ftCvShHjIZG/zzomHyunNpBof3sOFTTmU6s6q9DdqAL/ANqrKV3pr6Z6kVfBI4hjn59DFLImrBqn7GuuMqSZA==",
      "license": "MIT"
    }
  }
}
